{
  "name": "kmd-solomining",
  "version": "0.3.0",
  "lockfileVersion": 3,
  "requires": true,
  "packages": {
    "": {
      "name": "kmd-solomining",
      "version": "0.3.0",
      "hasInstallScript": true,
      "license": "GPL-3.0",
      "dependencies": {
        "ecurve": "git+https://github.com/cryptocoinjs/ecurve.git#ee8a22ee3fcd78548a0b87c8d943b3ada4f5a26e"
      },
      "engines": {
        "node": ">=21.4"
      }
    },
    "node_modules/bigi": {
      "version": "1.4.2",
      "resolved": "https://registry.npmjs.org/bigi/-/bigi-1.4.2.tgz",
      "integrity": "sha512-ddkU+dFIuEIW8lE7ZwdIAf2UPoM90eaprg5m3YXAVVTmKlqV/9BX4A2M8BOK2yOq6/VgZFVhK6QAxJebhlbhzw=="
    },
    "node_modules/ecurve": {
      "version": "1.0.6",
      "resolved": "git+ssh://git@github.com/cryptocoinjs/ecurve.git#ee8a22ee3fcd78548a0b87c8d943b3ada4f5a26e",
      "integrity": "sha512-ak3MnLd5vxIo/q+aKUFLorF3OelnRAyA/toYkNqU9Lc8DSk28fLukqYJRAdGPE8dRZHG02VWB8Biwqs2tdoupQ==",
      "license": "MIT",
      "dependencies": {
        "bigi": "^1.1.0",
        "safe-buffer": "^5.0.1"
      }
    },
    "node_modules/safe-buffer": {
      "version": "5.2.1",
      "resolved": "https://registry.npmjs.org/safe-buffer/-/safe-buffer-5.2.1.tgz",
      "integrity": "sha512-rp3So07KcdmmKbGvgaNxQSJr7bGVSVk5S9Eq1F+ppbRo70+YeaDxkw5Dd8NPN+GD6bjnYm2VuPuCXmpuYvmCXQ==",
      "funding": [
        {
          "type": "github",
          "url": "https://github.com/sponsors/feross"
        },
        {
          "type": "patreon",
          "url": "https://www.patreon.com/feross"
        },
        {
          "type": "consulting",
          "url": "https://feross.org/support"
        }
      ],
      "license": "MIT"
    }
  }
}
